
Microsoft Visual Studio Solution File, Format Version 12.00
# Visual Studio Version 16
VisualStudioVersion = 16.0.29001.49
MinimumVisualStudioVersion = 10.0.40219.1
Project("{FAE04EC0-301F-11D3-BF4B-00C04F79EFBC}") = "Bible code", "Bible code\Bible code.csproj", "{BC781E5A-1039-4CD2-9B23-61D9F763011E}"
EndProject
Global
	GlobalSection(SolutionConfigurationPlatforms) = preSolution
		Debug|Any CPU = Debug|Any CPU
		Release|Any CPU = Release|Any CPU
	EndGlobalSection
	GlobalSection(ProjectConfigurationPlatforms) = postSolution
		{BC781E5A-1039-4CD2-9B23-61D9F763011E}.Debug|Any CPU.ActiveCfg = Debug|Any CPU
		{BC781E5A-1039-4CD2-9B23-61D9F763011E}.Debug|Any CPU.Build.0 = Debug|Any CPU
		{BC781E5A-1039-4CD2-9B23-61D9F763011E}.Release|Any CPU.ActiveCfg = Release|Any CPU
		{BC781E5A-1039-4CD2-9B23-61D9F763011E}.Release|Any CPU.Build.0 = Release|Any CPU
	EndGlobalSection
	GlobalSection(SolutionProperties) = preSolution
		HideSolutionNode = FALSE
	EndGlobalSection
	GlobalSection(ExtensibilityGlobals) = postSolution
		SolutionGuid = {C62FA1C2-67E0-49AF-9490-0A3F2156AE5E}
	EndGlobalSection
EndGlobal
